
Microsoft Visual Studio Solution File, Format Version 12.00
# Visual Studio Version 17
VisualStudioVersion = 17.13.35825.156
MinimumVisualStudioVersion = 10.0.40219.1
Project("{2150E333-8FDC-42A3-9474-1A3956D46DE8}") = "Services", "Services", "{02EA681E-C7D8-13C7-8484-4AC65E1B71E8}"
EndProject
Project("{2150E333-8FDC-42A3-9474-1A3956D46DE8}") = "Catalog", "Catalog", "{E4EE5056-714F-4218-B0C2-4B27DFF7063B}"
EndProject
Project("{FAE04EC0-301F-11D3-BF4B-00C04F79EFBC}") = "MultiShop.Catalog", "Services\Catalog\MultiShop.Catalog\MultiShop.Catalog.csproj", "{1B9EA021-E981-44E2-B106-5B09283286C3}"
EndProject
Project("{2150E333-8FDC-42A3-9474-1A3956D46DE8}") = "Discount", "Discount", "{A397A0FF-D38D-4942-9CF3-77CFA813F1DE}"
EndProject
Project("{FAE04EC0-301F-11D3-BF4B-00C04F79EFBC}") = "MultiShop.Discount", "Services\Discount\MultiShop.Discount\MultiShop.Discount.csproj", "{27574920-1053-4D0F-8242-0A15500B4ABD}"
EndProject
Project("{2150E333-8FDC-42A3-9474-1A3956D46DE8}") = "Order", "Order", "{D4508F04-15E7-4F46-B303-82977F21B913}"
EndProject
Project("{2150E333-8FDC-42A3-9474-1A3956D46DE8}") = "Core", "Core", "{B58A5AEB-5C90-46E5-9956-9467A8127EB5}"
EndProject
Project("{2150E333-8FDC-42A3-9474-1A3956D46DE8}") = "Infrastrusture", "Infrastrusture", "{E09FED24-4F4F-4F10-9D6C-4BF1B65F1D78}"
EndProject
Project("{2150E333-8FDC-42A3-9474-1A3956D46DE8}") = "Presentation", "Presentation", "{BA30E879-6BB3-4F61-8EEB-E7C0CC8375ED}"
EndProject
Project("{FAE04EC0-301F-11D3-BF4B-00C04F79EFBC}") = "MultiShop.Order.Domain", "Services\Order\Core\MultiShop.Order.Domain\MultiShop.Order.Domain.csproj", "{53124828-8CC5-4679-9DE7-3866DAA528BC}"
EndProject
Project("{FAE04EC0-301F-11D3-BF4B-00C04F79EFBC}") = "MultiShop.Order.Application", "Services\Order\Core\MultiShop.Order.Application\MultiShop.Order.Application.csproj", "{2263C83D-72D0-448F-A34E-0CC465CEE961}"
EndProject
Project("{FAE04EC0-301F-11D3-BF4B-00C04F79EFBC}") = "MultiShop.Order.Persistance", "Services\Order\Infrastrusture\MultiShop.Order.Persistance\MultiShop.Order.Persistance.csproj", "{D8AEB44C-8DD3-40F1-A3BD-36F69C8CEAF5}"
EndProject
Project("{FAE04EC0-301F-11D3-BF4B-00C04F79EFBC}") = "MultiShop.Order.WebApi", "Services\Order\Presentation\MultiShop.Order.WebApi\MultiShop.Order.WebApi.csproj", "{B77055F9-B7CC-4AE0-9B0A-6909932D0B79}"
EndProject
Global
	GlobalSection(SolutionConfigurationPlatforms) = preSolution
		Debug|Any CPU = Debug|Any CPU
		Release|Any CPU = Release|Any CPU
	EndGlobalSection
	GlobalSection(ProjectConfigurationPlatforms) = postSolution
		{1B9EA021-E981-44E2-B106-5B09283286C3}.Debug|Any CPU.ActiveCfg = Debug|Any CPU
		{1B9EA021-E981-44E2-B106-5B09283286C3}.Debug|Any CPU.Build.0 = Debug|Any CPU
		{1B9EA021-E981-44E2-B106-5B09283286C3}.Release|Any CPU.ActiveCfg = Release|Any CPU
		{1B9EA021-E981-44E2-B106-5B09283286C3}.Release|Any CPU.Build.0 = Release|Any CPU
		{27574920-1053-4D0F-8242-0A15500B4ABD}.Debug|Any CPU.ActiveCfg = Debug|Any CPU
		{27574920-1053-4D0F-8242-0A15500B4ABD}.Debug|Any CPU.Build.0 = Debug|Any CPU
		{27574920-1053-4D0F-8242-0A15500B4ABD}.Release|Any CPU.ActiveCfg = Release|Any CPU
		{27574920-1053-4D0F-8242-0A15500B4ABD}.Release|Any CPU.Build.0 = Release|Any CPU
		{53124828-8CC5-4679-9DE7-3866DAA528BC}.Debug|Any CPU.ActiveCfg = Debug|Any CPU
		{53124828-8CC5-4679-9DE7-3866DAA528BC}.Debug|Any CPU.Build.0 = Debug|Any CPU
		{53124828-8CC5-4679-9DE7-3866DAA528BC}.Release|Any CPU.ActiveCfg = Release|Any CPU
		{53124828-8CC5-4679-9DE7-3866DAA528BC}.Release|Any CPU.Build.0 = Release|Any CPU
		{2263C83D-72D0-448F-A34E-0CC465CEE961}.Debug|Any CPU.ActiveCfg = Debug|Any CPU
		{2263C83D-72D0-448F-A34E-0CC465CEE961}.Debug|Any CPU.Build.0 = Debug|Any CPU
		{2263C83D-72D0-448F-A34E-0CC465CEE961}.Release|Any CPU.ActiveCfg = Release|Any CPU
		{2263C83D-72D0-448F-A34E-0CC465CEE961}.Release|Any CPU.Build.0 = Release|Any CPU
		{D8AEB44C-8DD3-40F1-A3BD-36F69C8CEAF5}.Debug|Any CPU.ActiveCfg = Debug|Any CPU
		{D8AEB44C-8DD3-40F1-A3BD-36F69C8CEAF5}.Debug|Any CPU.Build.0 = Debug|Any CPU
		{D8AEB44C-8DD3-40F1-A3BD-36F69C8CEAF5}.Release|Any CPU.ActiveCfg = Release|Any CPU
		{D8AEB44C-8DD3-40F1-A3BD-36F69C8CEAF5}.Release|Any CPU.Build.0 = Release|Any CPU
		{B77055F9-B7CC-4AE0-9B0A-6909932D0B79}.Debug|Any CPU.ActiveCfg = Debug|Any CPU
		{B77055F9-B7CC-4AE0-9B0A-6909932D0B79}.Debug|Any CPU.Build.0 = Debug|Any CPU
		{B77055F9-B7CC-4AE0-9B0A-6909932D0B79}.Release|Any CPU.ActiveCfg = Release|Any CPU
		{B77055F9-B7CC-4AE0-9B0A-6909932D0B79}.Release|Any CPU.Build.0 = Release|Any CPU
	EndGlobalSection
	GlobalSection(SolutionProperties) = preSolution
		HideSolutionNode = FALSE
	EndGlobalSection
	GlobalSection(NestedProjects) = preSolution
		{E4EE5056-714F-4218-B0C2-4B27DFF7063B} = {02EA681E-C7D8-13C7-8484-4AC65E1B71E8}
		{1B9EA021-E981-44E2-B106-5B09283286C3} = {E4EE5056-714F-4218-B0C2-4B27DFF7063B}
		{A397A0FF-D38D-4942-9CF3-77CFA813F1DE} = {02EA681E-C7D8-13C7-8484-4AC65E1B71E8}
		{27574920-1053-4D0F-8242-0A15500B4ABD} = {A397A0FF-D38D-4942-9CF3-77CFA813F1DE}
		{D4508F04-15E7-4F46-B303-82977F21B913} = {02EA681E-C7D8-13C7-8484-4AC65E1B71E8}
		{B58A5AEB-5C90-46E5-9956-9467A8127EB5} = {D4508F04-15E7-4F46-B303-82977F21B913}
		{E09FED24-4F4F-4F10-9D6C-4BF1B65F1D78} = {D4508F04-15E7-4F46-B303-82977F21B913}
		{BA30E879-6BB3-4F61-8EEB-E7C0CC8375ED} = {D4508F04-15E7-4F46-B303-82977F21B913}
		{53124828-8CC5-4679-9DE7-3866DAA528BC} = {B58A5AEB-5C90-46E5-9956-9467A8127EB5}
		{2263C83D-72D0-448F-A34E-0CC465CEE961} = {B58A5AEB-5C90-46E5-9956-9467A8127EB5}
		{D8AEB44C-8DD3-40F1-A3BD-36F69C8CEAF5} = {E09FED24-4F4F-4F10-9D6C-4BF1B65F1D78}
		{B77055F9-B7CC-4AE0-9B0A-6909932D0B79} = {BA30E879-6BB3-4F61-8EEB-E7C0CC8375ED}
	EndGlobalSection
	GlobalSection(ExtensibilityGlobals) = postSolution
		SolutionGuid = {FE89C708-3439-4825-8DBD-6FC0A92518F0}
	EndGlobalSection
EndGlobal
