
Microsoft Visual Studio Solution File, Format Version 12.00
# Visual Studio Version 17
VisualStudioVersion = 17.13.35825.156 d17.13
MinimumVisualStudioVersion = 10.0.40219.1
Project("{2150E333-8FDC-42A3-9474-1A3956D46DE8}") = "Services", "Services", "{02EA681E-C7D8-13C7-8484-4AC65E1B71E8}"
EndProject
Project("{2150E333-8FDC-42A3-9474-1A3956D46DE8}") = "Catalog", "Catalog", "{E4EE5056-714F-4218-B0C2-4B27DFF7063B}"
EndProject
Project("{FAE04EC0-301F-11D3-BF4B-00C04F79EFBC}") = "MultiShop.Catalog", "Services\Catalog\MultiShop.Catalog\MultiShop.Catalog.csproj", "{1B9EA021-E981-44E2-B106-5B09283286C3}"
EndProject
Global
	GlobalSection(SolutionConfigurationPlatforms) = preSolution
		Debug|Any CPU = Debug|Any CPU
		Release|Any CPU = Release|Any CPU
	EndGlobalSection
	GlobalSection(ProjectConfigurationPlatforms) = postSolution
		{1B9EA021-E981-44E2-B106-5B09283286C3}.Debug|Any CPU.ActiveCfg = Debug|Any CPU
		{1B9EA021-E981-44E2-B106-5B09283286C3}.Debug|Any CPU.Build.0 = Debug|Any CPU
		{1B9EA021-E981-44E2-B106-5B09283286C3}.Release|Any CPU.ActiveCfg = Release|Any CPU
		{1B9EA021-E981-44E2-B106-5B09283286C3}.Release|Any CPU.Build.0 = Release|Any CPU
	EndGlobalSection
	GlobalSection(SolutionProperties) = preSolution
		HideSolutionNode = FALSE
	EndGlobalSection
	GlobalSection(NestedProjects) = preSolution
		{E4EE5056-714F-4218-B0C2-4B27DFF7063B} = {02EA681E-C7D8-13C7-8484-4AC65E1B71E8}
		{1B9EA021-E981-44E2-B106-5B09283286C3} = {E4EE5056-714F-4218-B0C2-4B27DFF7063B}
	EndGlobalSection
	GlobalSection(ExtensibilityGlobals) = postSolution
		SolutionGuid = {FE89C708-3439-4825-8DBD-6FC0A92518F0}
	EndGlobalSection
EndGlobal
